
Microsoft Visual Studio Solution File, Format Version 12.00
# Visual Studio Version 16
VisualStudioVersion = 16.0.29613.14
MinimumVisualStudioVersion = 10.0.40219.1
Project("{8BC9CEB8-8B4A-11D0-8D11-00A0C91BC942}") = "1126", "1126\1126.vcxproj", "{EFB9F92E-C298-402A-AA0B-3F72CEB7BFF3}"
EndProject
Project("{8BC9CEB8-8B4A-11D0-8D11-00A0C91BC942}") = "1494", "1494\1494.vcxproj", "{F1CA2A68-F0B4-45A2-A4B0-8354D709A148}"
EndProject
Project("{8BC9CEB8-8B4A-11D0-8D11-00A0C91BC942}") = "1987", "1987\1987.vcxproj", "{F9AECCD4-88C1-4154-8426-B16A159CDDEA}"
EndProject
Project("{8BC9CEB8-8B4A-11D0-8D11-00A0C91BC942}") = "1471", "1471\1471.vcxproj", "{7715C1C8-6F11-4E47-815C-88511D18F394}"
EndProject
Project("{8BC9CEB8-8B4A-11D0-8D11-00A0C91BC942}") = "1752", "1752\1752.vcxproj", "{DAFC8496-068E-49CF-B7CF-96C074718364}"
EndProject
Global
	GlobalSection(SolutionConfigurationPlatforms) = preSolution
		Debug|x64 = Debug|x64
		Debug|x86 = Debug|x86
		Release|x64 = Release|x64
		Release|x86 = Release|x86
	EndGlobalSection
	GlobalSection(ProjectConfigurationPlatforms) = postSolution
		{EFB9F92E-C298-402A-AA0B-3F72CEB7BFF3}.Debug|x64.ActiveCfg = Debug|x64
		{EFB9F92E-C298-402A-AA0B-3F72CEB7BFF3}.Debug|x64.Build.0 = Debug|x64
		{EFB9F92E-C298-402A-AA0B-3F72CEB7BFF3}.Debug|x86.ActiveCfg = Debug|Win32
		{EFB9F92E-C298-402A-AA0B-3F72CEB7BFF3}.Debug|x86.Build.0 = Debug|Win32
		{EFB9F92E-C298-402A-AA0B-3F72CEB7BFF3}.Release|x64.ActiveCfg = Release|x64
		{EFB9F92E-C298-402A-AA0B-3F72CEB7BFF3}.Release|x64.Build.0 = Release|x64
		{EFB9F92E-C298-402A-AA0B-3F72CEB7BFF3}.Release|x86.ActiveCfg = Release|Win32
		{EFB9F92E-C298-402A-AA0B-3F72CEB7BFF3}.Release|x86.Build.0 = Release|Win32
		{F1CA2A68-F0B4-45A2-A4B0-8354D709A148}.Debug|x64.ActiveCfg = Debug|x64
		{F1CA2A68-F0B4-45A2-A4B0-8354D709A148}.Debug|x64.Build.0 = Debug|x64
		{F1CA2A68-F0B4-45A2-A4B0-8354D709A148}.Debug|x86.ActiveCfg = Debug|Win32
		{F1CA2A68-F0B4-45A2-A4B0-8354D709A148}.Debug|x86.Build.0 = Debug|Win32
		{F1CA2A68-F0B4-45A2-A4B0-8354D709A148}.Release|x64.ActiveCfg = Release|x64
		{F1CA2A68-F0B4-45A2-A4B0-8354D709A148}.Release|x64.Build.0 = Release|x64
		{F1CA2A68-F0B4-45A2-A4B0-8354D709A148}.Release|x86.ActiveCfg = Release|Win32
		{F1CA2A68-F0B4-45A2-A4B0-8354D709A148}.Release|x86.Build.0 = Release|Win32
		{F9AECCD4-88C1-4154-8426-B16A159CDDEA}.Debug|x64.ActiveCfg = Debug|x64
		{F9AECCD4-88C1-4154-8426-B16A159CDDEA}.Debug|x64.Build.0 = Debug|x64
		{F9AECCD4-88C1-4154-8426-B16A159CDDEA}.Debug|x86.ActiveCfg = Debug|Win32
		{F9AECCD4-88C1-4154-8426-B16A159CDDEA}.Debug|x86.Build.0 = Debug|Win32
		{F9AECCD4-88C1-4154-8426-B16A159CDDEA}.Release|x64.ActiveCfg = Release|x64
		{F9AECCD4-88C1-4154-8426-B16A159CDDEA}.Release|x64.Build.0 = Release|x64
		{F9AECCD4-88C1-4154-8426-B16A159CDDEA}.Release|x86.ActiveCfg = Release|Win32
		{F9AECCD4-88C1-4154-8426-B16A159CDDEA}.Release|x86.Build.0 = Release|Win32
		{7715C1C8-6F11-4E47-815C-88511D18F394}.Debug|x64.ActiveCfg = Debug|x64
		{7715C1C8-6F11-4E47-815C-88511D18F394}.Debug|x64.Build.0 = Debug|x64
		{7715C1C8-6F11-4E47-815C-88511D18F394}.Debug|x86.ActiveCfg = Debug|Win32
		{7715C1C8-6F11-4E47-815C-88511D18F394}.Debug|x86.Build.0 = Debug|Win32
		{7715C1C8-6F11-4E47-815C-88511D18F394}.Release|x64.ActiveCfg = Release|x64
		{7715C1C8-6F11-4E47-815C-88511D18F394}.Release|x64.Build.0 = Release|x64
		{7715C1C8-6F11-4E47-815C-88511D18F394}.Release|x86.ActiveCfg = Release|Win32
		{7715C1C8-6F11-4E47-815C-88511D18F394}.Release|x86.Build.0 = Release|Win32
		{DAFC8496-068E-49CF-B7CF-96C074718364}.Debug|x64.ActiveCfg = Debug|x64
		{DAFC8496-068E-49CF-B7CF-96C074718364}.Debug|x64.Build.0 = Debug|x64
		{DAFC8496-068E-49CF-B7CF-96C074718364}.Debug|x86.ActiveCfg = Debug|Win32
		{DAFC8496-068E-49CF-B7CF-96C074718364}.Debug|x86.Build.0 = Debug|Win32
		{DAFC8496-068E-49CF-B7CF-96C074718364}.Release|x64.ActiveCfg = Release|x64
		{DAFC8496-068E-49CF-B7CF-96C074718364}.Release|x64.Build.0 = Release|x64
		{DAFC8496-068E-49CF-B7CF-96C074718364}.Release|x86.ActiveCfg = Release|Win32
		{DAFC8496-068E-49CF-B7CF-96C074718364}.Release|x86.Build.0 = Release|Win32
	EndGlobalSection
	GlobalSection(SolutionProperties) = preSolution
		HideSolutionNode = FALSE
	EndGlobalSection
	GlobalSection(ExtensibilityGlobals) = postSolution
		SolutionGuid = {26506626-08AF-4C52-9E93-4B0DA9444F59}
	EndGlobalSection
EndGlobal
