
Microsoft Visual Studio Solution File, Format Version 12.00
# Visual Studio Version 16
VisualStudioVersion = 16.0.29613.14
MinimumVisualStudioVersion = 10.0.40219.1
Project("{8BC9CEB8-8B4A-11D0-8D11-00A0C91BC942}") = "1009", "1009\1009.vcxproj", "{FC742EAE-8F95-4894-A433-EF67C9FF978E}"
EndProject
Project("{8BC9CEB8-8B4A-11D0-8D11-00A0C91BC942}") = "1073", "1073\1073.vcxproj", "{5EC664E1-8B97-4C61-9158-116C2D22D2DD}"
EndProject
Project("{8BC9CEB8-8B4A-11D0-8D11-00A0C91BC942}") = "1658", "1658\1658.vcxproj", "{C38FB810-D0AF-4B00-8BE2-157C7728C8AE}"
EndProject
Project("{8BC9CEB8-8B4A-11D0-8D11-00A0C91BC942}") = "1018", "1018\1018.vcxproj", "{4DE6067F-467B-4DC3-A768-A9E7CC517DDE}"
EndProject
Global
	GlobalSection(SolutionConfigurationPlatforms) = preSolution
		Debug|x64 = Debug|x64
		Debug|x86 = Debug|x86
		Release|x64 = Release|x64
		Release|x86 = Release|x86
	EndGlobalSection
	GlobalSection(ProjectConfigurationPlatforms) = postSolution
		{FC742EAE-8F95-4894-A433-EF67C9FF978E}.Debug|x64.ActiveCfg = Debug|x64
		{FC742EAE-8F95-4894-A433-EF67C9FF978E}.Debug|x64.Build.0 = Debug|x64
		{FC742EAE-8F95-4894-A433-EF67C9FF978E}.Debug|x86.ActiveCfg = Debug|Win32
		{FC742EAE-8F95-4894-A433-EF67C9FF978E}.Debug|x86.Build.0 = Debug|Win32
		{FC742EAE-8F95-4894-A433-EF67C9FF978E}.Release|x64.ActiveCfg = Release|x64
		{FC742EAE-8F95-4894-A433-EF67C9FF978E}.Release|x64.Build.0 = Release|x64
		{FC742EAE-8F95-4894-A433-EF67C9FF978E}.Release|x86.ActiveCfg = Release|Win32
		{FC742EAE-8F95-4894-A433-EF67C9FF978E}.Release|x86.Build.0 = Release|Win32
		{5EC664E1-8B97-4C61-9158-116C2D22D2DD}.Debug|x64.ActiveCfg = Debug|x64
		{5EC664E1-8B97-4C61-9158-116C2D22D2DD}.Debug|x64.Build.0 = Debug|x64
		{5EC664E1-8B97-4C61-9158-116C2D22D2DD}.Debug|x86.ActiveCfg = Debug|Win32
		{5EC664E1-8B97-4C61-9158-116C2D22D2DD}.Debug|x86.Build.0 = Debug|Win32
		{5EC664E1-8B97-4C61-9158-116C2D22D2DD}.Release|x64.ActiveCfg = Release|x64
		{5EC664E1-8B97-4C61-9158-116C2D22D2DD}.Release|x64.Build.0 = Release|x64
		{5EC664E1-8B97-4C61-9158-116C2D22D2DD}.Release|x86.ActiveCfg = Release|Win32
		{5EC664E1-8B97-4C61-9158-116C2D22D2DD}.Release|x86.Build.0 = Release|Win32
		{C38FB810-D0AF-4B00-8BE2-157C7728C8AE}.Debug|x64.ActiveCfg = Debug|x64
		{C38FB810-D0AF-4B00-8BE2-157C7728C8AE}.Debug|x64.Build.0 = Debug|x64
		{C38FB810-D0AF-4B00-8BE2-157C7728C8AE}.Debug|x86.ActiveCfg = Debug|Win32
		{C38FB810-D0AF-4B00-8BE2-157C7728C8AE}.Debug|x86.Build.0 = Debug|Win32
		{C38FB810-D0AF-4B00-8BE2-157C7728C8AE}.Release|x64.ActiveCfg = Release|x64
		{C38FB810-D0AF-4B00-8BE2-157C7728C8AE}.Release|x64.Build.0 = Release|x64
		{C38FB810-D0AF-4B00-8BE2-157C7728C8AE}.Release|x86.ActiveCfg = Release|Win32
		{C38FB810-D0AF-4B00-8BE2-157C7728C8AE}.Release|x86.Build.0 = Release|Win32
		{4DE6067F-467B-4DC3-A768-A9E7CC517DDE}.Debug|x64.ActiveCfg = Debug|x64
		{4DE6067F-467B-4DC3-A768-A9E7CC517DDE}.Debug|x64.Build.0 = Debug|x64
		{4DE6067F-467B-4DC3-A768-A9E7CC517DDE}.Debug|x86.ActiveCfg = Debug|Win32
		{4DE6067F-467B-4DC3-A768-A9E7CC517DDE}.Debug|x86.Build.0 = Debug|Win32
		{4DE6067F-467B-4DC3-A768-A9E7CC517DDE}.Release|x64.ActiveCfg = Release|x64
		{4DE6067F-467B-4DC3-A768-A9E7CC517DDE}.Release|x64.Build.0 = Release|x64
		{4DE6067F-467B-4DC3-A768-A9E7CC517DDE}.Release|x86.ActiveCfg = Release|Win32
		{4DE6067F-467B-4DC3-A768-A9E7CC517DDE}.Release|x86.Build.0 = Release|Win32
	EndGlobalSection
	GlobalSection(SolutionProperties) = preSolution
		HideSolutionNode = FALSE
	EndGlobalSection
	GlobalSection(ExtensibilityGlobals) = postSolution
		SolutionGuid = {D6E1B7EC-7667-4B52-9E43-3A7090C372DD}
	EndGlobalSection
EndGlobal
