
Microsoft Visual Studio Solution File, Format Version 12.00
# Visual Studio Version 16
VisualStudioVersion = 16.0.29613.14
MinimumVisualStudioVersion = 10.0.40219.1
Project("{8BC9CEB8-8B4A-11D0-8D11-00A0C91BC942}") = "1014", "Homework-1\Homework-1.vcxproj", "{4257B362-EC55-4CE4-BE2A-DEB68EFC81BC}"
EndProject
Project("{8BC9CEB8-8B4A-11D0-8D11-00A0C91BC942}") = "1613", "1613\1613.vcxproj", "{916923A2-3E9C-47B6-8788-AA2DDFE32FC4}"
EndProject
Project("{8BC9CEB8-8B4A-11D0-8D11-00A0C91BC942}") = "1047", "1047\1047.vcxproj", "{2135886E-E7BE-41AD-9501-CF97063CCD0E}"
EndProject
Project("{8BC9CEB8-8B4A-11D0-8D11-00A0C91BC942}") = "1112", "1112\1112.vcxproj", "{0FAC284D-9396-4AB3-8C98-CE755A36053B}"
EndProject
Project("{8BC9CEB8-8B4A-11D0-8D11-00A0C91BC942}") = "1303", "1303\1303.vcxproj", "{A5BFAC3E-444B-45CC-B4E2-8448D97D6040}"
EndProject
Project("{8BC9CEB8-8B4A-11D0-8D11-00A0C91BC942}") = "1184", "1184\1184.vcxproj", "{90B42B44-88B1-47BE-B9E6-73D0195003ED}"
EndProject
Project("{8BC9CEB8-8B4A-11D0-8D11-00A0C91BC942}") = "example", "example\example.vcxproj", "{462B7989-2C77-4459-B80C-A0661930F7F0}"
EndProject
Global
	GlobalSection(SolutionConfigurationPlatforms) = preSolution
		Debug|x64 = Debug|x64
		Debug|x86 = Debug|x86
		Release|x64 = Release|x64
		Release|x86 = Release|x86
	EndGlobalSection
	GlobalSection(ProjectConfigurationPlatforms) = postSolution
		{4257B362-EC55-4CE4-BE2A-DEB68EFC81BC}.Debug|x64.ActiveCfg = Debug|x64
		{4257B362-EC55-4CE4-BE2A-DEB68EFC81BC}.Debug|x64.Build.0 = Debug|x64
		{4257B362-EC55-4CE4-BE2A-DEB68EFC81BC}.Debug|x86.ActiveCfg = Debug|Win32
		{4257B362-EC55-4CE4-BE2A-DEB68EFC81BC}.Debug|x86.Build.0 = Debug|Win32
		{4257B362-EC55-4CE4-BE2A-DEB68EFC81BC}.Release|x64.ActiveCfg = Release|x64
		{4257B362-EC55-4CE4-BE2A-DEB68EFC81BC}.Release|x64.Build.0 = Release|x64
		{4257B362-EC55-4CE4-BE2A-DEB68EFC81BC}.Release|x86.ActiveCfg = Release|Win32
		{4257B362-EC55-4CE4-BE2A-DEB68EFC81BC}.Release|x86.Build.0 = Release|Win32
		{916923A2-3E9C-47B6-8788-AA2DDFE32FC4}.Debug|x64.ActiveCfg = Debug|x64
		{916923A2-3E9C-47B6-8788-AA2DDFE32FC4}.Debug|x64.Build.0 = Debug|x64
		{916923A2-3E9C-47B6-8788-AA2DDFE32FC4}.Debug|x86.ActiveCfg = Debug|Win32
		{916923A2-3E9C-47B6-8788-AA2DDFE32FC4}.Debug|x86.Build.0 = Debug|Win32
		{916923A2-3E9C-47B6-8788-AA2DDFE32FC4}.Release|x64.ActiveCfg = Release|x64
		{916923A2-3E9C-47B6-8788-AA2DDFE32FC4}.Release|x64.Build.0 = Release|x64
		{916923A2-3E9C-47B6-8788-AA2DDFE32FC4}.Release|x86.ActiveCfg = Release|Win32
		{916923A2-3E9C-47B6-8788-AA2DDFE32FC4}.Release|x86.Build.0 = Release|Win32
		{2135886E-E7BE-41AD-9501-CF97063CCD0E}.Debug|x64.ActiveCfg = Debug|x64
		{2135886E-E7BE-41AD-9501-CF97063CCD0E}.Debug|x64.Build.0 = Debug|x64
		{2135886E-E7BE-41AD-9501-CF97063CCD0E}.Debug|x86.ActiveCfg = Debug|Win32
		{2135886E-E7BE-41AD-9501-CF97063CCD0E}.Debug|x86.Build.0 = Debug|Win32
		{2135886E-E7BE-41AD-9501-CF97063CCD0E}.Release|x64.ActiveCfg = Release|x64
		{2135886E-E7BE-41AD-9501-CF97063CCD0E}.Release|x64.Build.0 = Release|x64
		{2135886E-E7BE-41AD-9501-CF97063CCD0E}.Release|x86.ActiveCfg = Release|Win32
		{2135886E-E7BE-41AD-9501-CF97063CCD0E}.Release|x86.Build.0 = Release|Win32
		{0FAC284D-9396-4AB3-8C98-CE755A36053B}.Debug|x64.ActiveCfg = Debug|x64
		{0FAC284D-9396-4AB3-8C98-CE755A36053B}.Debug|x64.Build.0 = Debug|x64
		{0FAC284D-9396-4AB3-8C98-CE755A36053B}.Debug|x86.ActiveCfg = Debug|Win32
		{0FAC284D-9396-4AB3-8C98-CE755A36053B}.Debug|x86.Build.0 = Debug|Win32
		{0FAC284D-9396-4AB3-8C98-CE755A36053B}.Release|x64.ActiveCfg = Release|x64
		{0FAC284D-9396-4AB3-8C98-CE755A36053B}.Release|x64.Build.0 = Release|x64
		{0FAC284D-9396-4AB3-8C98-CE755A36053B}.Release|x86.ActiveCfg = Release|Win32
		{0FAC284D-9396-4AB3-8C98-CE755A36053B}.Release|x86.Build.0 = Release|Win32
		{A5BFAC3E-444B-45CC-B4E2-8448D97D6040}.Debug|x64.ActiveCfg = Debug|x64
		{A5BFAC3E-444B-45CC-B4E2-8448D97D6040}.Debug|x64.Build.0 = Debug|x64
		{A5BFAC3E-444B-45CC-B4E2-8448D97D6040}.Debug|x86.ActiveCfg = Debug|Win32
		{A5BFAC3E-444B-45CC-B4E2-8448D97D6040}.Debug|x86.Build.0 = Debug|Win32
		{A5BFAC3E-444B-45CC-B4E2-8448D97D6040}.Release|x64.ActiveCfg = Release|x64
		{A5BFAC3E-444B-45CC-B4E2-8448D97D6040}.Release|x64.Build.0 = Release|x64
		{A5BFAC3E-444B-45CC-B4E2-8448D97D6040}.Release|x86.ActiveCfg = Release|Win32
		{A5BFAC3E-444B-45CC-B4E2-8448D97D6040}.Release|x86.Build.0 = Release|Win32
		{90B42B44-88B1-47BE-B9E6-73D0195003ED}.Debug|x64.ActiveCfg = Debug|x64
		{90B42B44-88B1-47BE-B9E6-73D0195003ED}.Debug|x64.Build.0 = Debug|x64
		{90B42B44-88B1-47BE-B9E6-73D0195003ED}.Debug|x86.ActiveCfg = Debug|Win32
		{90B42B44-88B1-47BE-B9E6-73D0195003ED}.Debug|x86.Build.0 = Debug|Win32
		{90B42B44-88B1-47BE-B9E6-73D0195003ED}.Release|x64.ActiveCfg = Release|x64
		{90B42B44-88B1-47BE-B9E6-73D0195003ED}.Release|x64.Build.0 = Release|x64
		{90B42B44-88B1-47BE-B9E6-73D0195003ED}.Release|x86.ActiveCfg = Release|Win32
		{90B42B44-88B1-47BE-B9E6-73D0195003ED}.Release|x86.Build.0 = Release|Win32
		{462B7989-2C77-4459-B80C-A0661930F7F0}.Debug|x64.ActiveCfg = Debug|x64
		{462B7989-2C77-4459-B80C-A0661930F7F0}.Debug|x64.Build.0 = Debug|x64
		{462B7989-2C77-4459-B80C-A0661930F7F0}.Debug|x86.ActiveCfg = Debug|Win32
		{462B7989-2C77-4459-B80C-A0661930F7F0}.Debug|x86.Build.0 = Debug|Win32
		{462B7989-2C77-4459-B80C-A0661930F7F0}.Release|x64.ActiveCfg = Release|x64
		{462B7989-2C77-4459-B80C-A0661930F7F0}.Release|x64.Build.0 = Release|x64
		{462B7989-2C77-4459-B80C-A0661930F7F0}.Release|x86.ActiveCfg = Release|Win32
		{462B7989-2C77-4459-B80C-A0661930F7F0}.Release|x86.Build.0 = Release|Win32
	EndGlobalSection
	GlobalSection(SolutionProperties) = preSolution
		HideSolutionNode = FALSE
	EndGlobalSection
	GlobalSection(ExtensibilityGlobals) = postSolution
		SolutionGuid = {4AC8E08F-1353-4BD2-8C86-66D18E634476}
	EndGlobalSection
EndGlobal
